
Microsoft Visual Studio Solution File, Format Version 12.00
# Visual Studio Version 16
VisualStudioVersion = 16.0.31112.23
MinimumVisualStudioVersion = 10.0.40219.1
Project("{FAE04EC0-301F-11D3-BF4B-00C04F79EFBC}") = "ToggleReplayInfo", "ToggleReplayInfo\ToggleReplayInfo.csproj", "{986120F0-C44E-4A24-BB5E-4E1CCC816B57}"
EndProject
Global
	GlobalSection(SolutionConfigurationPlatforms) = preSolution
		Debug|Any CPU = Debug|Any CPU
		Release|Any CPU = Release|Any CPU
	EndGlobalSection
	GlobalSection(ProjectConfigurationPlatforms) = postSolution
		{986120F0-C44E-4A24-BB5E-4E1CCC816B57}.Debug|Any CPU.ActiveCfg = Debug|Any CPU
		{986120F0-C44E-4A24-BB5E-4E1CCC816B57}.Debug|Any CPU.Build.0 = Debug|Any CPU
		{986120F0-C44E-4A24-BB5E-4E1CCC816B57}.Release|Any CPU.ActiveCfg = Release|Any CPU
		{986120F0-C44E-4A24-BB5E-4E1CCC816B57}.Release|Any CPU.Build.0 = Release|Any CPU
	EndGlobalSection
	GlobalSection(SolutionProperties) = preSolution
		HideSolutionNode = FALSE
	EndGlobalSection
	GlobalSection(ExtensibilityGlobals) = postSolution
		SolutionGuid = {6D53E10A-38D4-49F2-9DB6-519BBBC63031}
	EndGlobalSection
EndGlobal
